
Microsoft Visual Studio Solution File, Format Version 12.00
Project("{FAE04EC0-301F-11D3-BF4B-00C04F79EFBC}") = "CalculationEngineCore", "CalculationEngineCore\CalculationEngineCore.csproj", "{DA222727-A452-4372-B464-C520078979E1}"
EndProject
Project("{FAE04EC0-301F-11D3-BF4B-00C04F79EFBC}") = "CalculationEngineCoreLibrary", "CalculationEngineCoreLibrary\CalculationEngineCoreLibrary.csproj", "{71C6403C-1CE0-4998-AB53-F73E45AF894B}"
EndProject
Project("{FAE04EC0-301F-11D3-BF4B-00C04F79EFBC}") = "CECLibraryTest", "CECLibraryTest\CECLibraryTest.csproj", "{F96581C5-C566-4B8C-B9F9-F4DF91B2D010}"
EndProject
Global
	GlobalSection(SolutionConfigurationPlatforms) = preSolution
		Debug|Any CPU = Debug|Any CPU
		Release|Any CPU = Release|Any CPU
	EndGlobalSection
	GlobalSection(ProjectConfigurationPlatforms) = postSolution
		{DA222727-A452-4372-B464-C520078979E1}.Debug|Any CPU.ActiveCfg = Debug|Any CPU
		{DA222727-A452-4372-B464-C520078979E1}.Debug|Any CPU.Build.0 = Debug|Any CPU
		{DA222727-A452-4372-B464-C520078979E1}.Release|Any CPU.ActiveCfg = Release|Any CPU
		{DA222727-A452-4372-B464-C520078979E1}.Release|Any CPU.Build.0 = Release|Any CPU
		{71C6403C-1CE0-4998-AB53-F73E45AF894B}.Debug|Any CPU.ActiveCfg = Debug|Any CPU
		{71C6403C-1CE0-4998-AB53-F73E45AF894B}.Debug|Any CPU.Build.0 = Debug|Any CPU
		{71C6403C-1CE0-4998-AB53-F73E45AF894B}.Release|Any CPU.ActiveCfg = Release|Any CPU
		{71C6403C-1CE0-4998-AB53-F73E45AF894B}.Release|Any CPU.Build.0 = Release|Any CPU
		{F96581C5-C566-4B8C-B9F9-F4DF91B2D010}.Debug|Any CPU.ActiveCfg = Debug|Any CPU
		{F96581C5-C566-4B8C-B9F9-F4DF91B2D010}.Debug|Any CPU.Build.0 = Debug|Any CPU
		{F96581C5-C566-4B8C-B9F9-F4DF91B2D010}.Release|Any CPU.ActiveCfg = Release|Any CPU
		{F96581C5-C566-4B8C-B9F9-F4DF91B2D010}.Release|Any CPU.Build.0 = Release|Any CPU
	EndGlobalSection
EndGlobal
